
Microsoft Visual Studio Solution File, Format Version 12.00
# Visual Studio Version 16
VisualStudioVersion = 16.0.30406.217
MinimumVisualStudioVersion = 10.0.40219.1
Project("{9A19103F-16F7-4668-BE54-9A1E7A4F7556}") = "Weixight.CExchange.Entity", "Weixight.CExchange.Entity\Weixight.CExchange.Entity.csproj", "{CD862A9D-D291-49F4-B7E3-D88DBB1FA305}"
EndProject
Project("{9A19103F-16F7-4668-BE54-9A1E7A4F7556}") = "Weixight.CExchange.Business", "Weixight.CExchange.Business\Weixight.CExchange.Business.csproj", "{FC899D75-BBD7-432E-8EF8-026D22A5D1A6}"
EndProject
Project("{9A19103F-16F7-4668-BE54-9A1E7A4F7556}") = "Weixight.CExchange.Domain", "Weixight.CExchange.Domain\Weixight.CExchange.Domain.csproj", "{88D43BCA-B042-4A2D-8F2C-A20C8E915419}"
EndProject
Project("{9A19103F-16F7-4668-BE54-9A1E7A4F7556}") = "Weixight.CExchange.Persistence", "Weixight.CExchange.Persistence\Weixight.CExchange.Persistence.csproj", "{0981FEBF-329F-4742-9F2E-31323D97CB45}"
EndProject
Project("{9A19103F-16F7-4668-BE54-9A1E7A4F7556}") = "Weixight.CExchange.Api", "Weixight.CExchange.Api\Weixight.CExchange.Api.csproj", "{362FAE3F-837F-469C-82D1-3543191D951F}"
EndProject
Project("{9A19103F-16F7-4668-BE54-9A1E7A4F7556}") = "Weixight.CExchange.Service", "Weixight.CExchange.Service\Weixight.CExchange.Service.csproj", "{F01B0244-CC8C-460F-BE61-E14BD6F93140}"
EndProject
Project("{FAE04EC0-301F-11D3-BF4B-00C04F79EFBC}") = "Weixight.CExchange.Mobile.Android", "Weixight.CExchange.Mobile\Weixight.CExchange.Mobile.Android\Weixight.CExchange.Mobile.Android.csproj", "{4F9B1977-7747-4996-8801-A5B64DDCF2FE}"
EndProject
Project("{FAE04EC0-301F-11D3-BF4B-00C04F79EFBC}") = "Weixight.CExchange.Mobile.iOS", "Weixight.CExchange.Mobile\Weixight.CExchange.Mobile.iOS\Weixight.CExchange.Mobile.iOS.csproj", "{4BD31537-45C4-4620-B4E9-4F68AF219127}"
EndProject
Project("{9A19103F-16F7-4668-BE54-9A1E7A4F7556}") = "Weixight.CExchange.Mobile", "Weixight.CExchange.Mobile\Weixight.CExchange.Mobile\Weixight.CExchange.Mobile.csproj", "{B88F05D1-237B-4760-9093-A72879497061}"
EndProject
Project("{9A19103F-16F7-4668-BE54-9A1E7A4F7556}") = "Weixight.CExchange.Infrastructure", "Weixight.CExchange.Infrastructure\Weixight.CExchange.Infrastructure.csproj", "{62A93B8E-96A3-4F2F-A467-7750C6A94F66}"
EndProject
Project("{9A19103F-16F7-4668-BE54-9A1E7A4F7556}") = "Weixight.CExchange.Testing", "Weixight.CExchange.Testing\Weixight.CExchange.Testing.csproj", "{D6D1C2BF-A030-4497-B44B-3A217FE97AA3}"
EndProject
Project("{9A19103F-16F7-4668-BE54-9A1E7A4F7556}") = "Weixight.CExchange.Payroll", "Weixight.CExchange.Payroll\Weixight.CExchange.Payroll.csproj", "{F2991168-84AD-470E-AE8E-FFB5DCFA4B92}"
EndProject
Project("{9A19103F-16F7-4668-BE54-9A1E7A4F7556}") = "Weixight.CEchange.BlockChain", "Weixight.CEchange.BlockChain\Weixight.CEchange.BlockChain.csproj", "{7A2F9034-BA42-4DE5-B051-6631EB0B67CC}"
EndProject
Project("{9A19103F-16F7-4668-BE54-9A1E7A4F7556}") = "Weixight.CExchange.Web", "Weixight.CExchange.Web\Weixight.CExchange.Web.csproj", "{1EBCE83A-A2EF-476C-A9F5-2B09FA86F3C3}"
EndProject
Project("{FAE04EC0-301F-11D3-BF4B-00C04F79EFBC}") = "Weixight.CExchange.AgricGator", "Weixight.CExchange.AgricGator\Weixight.CExchange.AgricGator.csproj", "{6C70DA47-1DD7-49BF-A1D0-E78C79E3EB61}"
EndProject
Global
	GlobalSection(SolutionConfigurationPlatforms) = preSolution
		Debug|Any CPU = Debug|Any CPU
		Debug|iPhone = Debug|iPhone
		Debug|iPhoneSimulator = Debug|iPhoneSimulator
		Release|Any CPU = Release|Any CPU
		Release|iPhone = Release|iPhone
		Release|iPhoneSimulator = Release|iPhoneSimulator
	EndGlobalSection
	GlobalSection(ProjectConfigurationPlatforms) = postSolution
		{CD862A9D-D291-49F4-B7E3-D88DBB1FA305}.Debug|Any CPU.ActiveCfg = Debug|Any CPU
		{CD862A9D-D291-49F4-B7E3-D88DBB1FA305}.Debug|Any CPU.Build.0 = Debug|Any CPU
		{CD862A9D-D291-49F4-B7E3-D88DBB1FA305}.Debug|iPhone.ActiveCfg = Debug|Any CPU
		{CD862A9D-D291-49F4-B7E3-D88DBB1FA305}.Debug|iPhone.Build.0 = Debug|Any CPU
		{CD862A9D-D291-49F4-B7E3-D88DBB1FA305}.Debug|iPhoneSimulator.ActiveCfg = Debug|Any CPU
		{CD862A9D-D291-49F4-B7E3-D88DBB1FA305}.Debug|iPhoneSimulator.Build.0 = Debug|Any CPU
		{CD862A9D-D291-49F4-B7E3-D88DBB1FA305}.Release|Any CPU.ActiveCfg = Release|Any CPU
		{CD862A9D-D291-49F4-B7E3-D88DBB1FA305}.Release|Any CPU.Build.0 = Release|Any CPU
		{CD862A9D-D291-49F4-B7E3-D88DBB1FA305}.Release|iPhone.ActiveCfg = Release|Any CPU
		{CD862A9D-D291-49F4-B7E3-D88DBB1FA305}.Release|iPhone.Build.0 = Release|Any CPU
		{CD862A9D-D291-49F4-B7E3-D88DBB1FA305}.Release|iPhoneSimulator.ActiveCfg = Release|Any CPU
		{CD862A9D-D291-49F4-B7E3-D88DBB1FA305}.Release|iPhoneSimulator.Build.0 = Release|Any CPU
		{FC899D75-BBD7-432E-8EF8-026D22A5D1A6}.Debug|Any CPU.ActiveCfg = Debug|Any CPU
		{FC899D75-BBD7-432E-8EF8-026D22A5D1A6}.Debug|Any CPU.Build.0 = Debug|Any CPU
		{FC899D75-BBD7-432E-8EF8-026D22A5D1A6}.Debug|iPhone.ActiveCfg = Debug|Any CPU
		{FC899D75-BBD7-432E-8EF8-026D22A5D1A6}.Debug|iPhone.Build.0 = Debug|Any CPU
		{FC899D75-BBD7-432E-8EF8-026D22A5D1A6}.Debug|iPhoneSimulator.ActiveCfg = Debug|Any CPU
		{FC899D75-BBD7-432E-8EF8-026D22A5D1A6}.Debug|iPhoneSimulator.Build.0 = Debug|Any CPU
		{FC899D75-BBD7-432E-8EF8-026D22A5D1A6}.Release|Any CPU.ActiveCfg = Release|Any CPU
		{FC899D75-BBD7-432E-8EF8-026D22A5D1A6}.Release|Any CPU.Build.0 = Release|Any CPU
		{FC899D75-BBD7-432E-8EF8-026D22A5D1A6}.Release|iPhone.ActiveCfg = Release|Any CPU
		{FC899D75-BBD7-432E-8EF8-026D22A5D1A6}.Release|iPhone.Build.0 = Release|Any CPU
		{FC899D75-BBD7-432E-8EF8-026D22A5D1A6}.Release|iPhoneSimulator.ActiveCfg = Release|Any CPU
		{FC899D75-BBD7-432E-8EF8-026D22A5D1A6}.Release|iPhoneSimulator.Build.0 = Release|Any CPU
		{88D43BCA-B042-4A2D-8F2C-A20C8E915419}.Debug|Any CPU.ActiveCfg = Debug|Any CPU
		{88D43BCA-B042-4A2D-8F2C-A20C8E915419}.Debug|Any CPU.Build.0 = Debug|Any CPU
		{88D43BCA-B042-4A2D-8F2C-A20C8E915419}.Debug|iPhone.ActiveCfg = Debug|Any CPU
		{88D43BCA-B042-4A2D-8F2C-A20C8E915419}.Debug|iPhone.Build.0 = Debug|Any CPU
		{88D43BCA-B042-4A2D-8F2C-A20C8E915419}.Debug|iPhoneSimulator.ActiveCfg = Debug|Any CPU
		{88D43BCA-B042-4A2D-8F2C-A20C8E915419}.Debug|iPhoneSimulator.Build.0 = Debug|Any CPU
		{88D43BCA-B042-4A2D-8F2C-A20C8E915419}.Release|Any CPU.ActiveCfg = Release|Any CPU
		{88D43BCA-B042-4A2D-8F2C-A20C8E915419}.Release|Any CPU.Build.0 = Release|Any CPU
		{88D43BCA-B042-4A2D-8F2C-A20C8E915419}.Release|iPhone.ActiveCfg = Release|Any CPU
		{88D43BCA-B042-4A2D-8F2C-A20C8E915419}.Release|iPhone.Build.0 = Release|Any CPU
		{88D43BCA-B042-4A2D-8F2C-A20C8E915419}.Release|iPhoneSimulator.ActiveCfg = Release|Any CPU
		{88D43BCA-B042-4A2D-8F2C-A20C8E915419}.Release|iPhoneSimulator.Build.0 = Release|Any CPU
		{0981FEBF-329F-4742-9F2E-31323D97CB45}.Debug|Any CPU.ActiveCfg = Debug|Any CPU
		{0981FEBF-329F-4742-9F2E-31323D97CB45}.Debug|Any CPU.Build.0 = Debug|Any CPU
		{0981FEBF-329F-4742-9F2E-31323D97CB45}.Debug|iPhone.ActiveCfg = Debug|Any CPU
		{0981FEBF-329F-4742-9F2E-31323D97CB45}.Debug|iPhone.Build.0 = Debug|Any CPU
		{0981FEBF-329F-4742-9F2E-31323D97CB45}.Debug|iPhoneSimulator.ActiveCfg = Debug|Any CPU
		{0981FEBF-329F-4742-9F2E-31323D97CB45}.Debug|iPhoneSimulator.Build.0 = Debug|Any CPU
		{0981FEBF-329F-4742-9F2E-31323D97CB45}.Release|Any CPU.ActiveCfg = Release|Any CPU
		{0981FEBF-329F-4742-9F2E-31323D97CB45}.Release|Any CPU.Build.0 = Release|Any CPU
		{0981FEBF-329F-4742-9F2E-31323D97CB45}.Release|iPhone.ActiveCfg = Release|Any CPU
		{0981FEBF-329F-4742-9F2E-31323D97CB45}.Release|iPhone.Build.0 = Release|Any CPU
		{0981FEBF-329F-4742-9F2E-31323D97CB45}.Release|iPhoneSimulator.ActiveCfg = Release|Any CPU
		{0981FEBF-329F-4742-9F2E-31323D97CB45}.Release|iPhoneSimulator.Build.0 = Release|Any CPU
		{362FAE3F-837F-469C-82D1-3543191D951F}.Debug|Any CPU.ActiveCfg = Debug|Any CPU
		{362FAE3F-837F-469C-82D1-3543191D951F}.Debug|Any CPU.Build.0 = Debug|Any CPU
		{362FAE3F-837F-469C-82D1-3543191D951F}.Debug|iPhone.ActiveCfg = Debug|Any CPU
		{362FAE3F-837F-469C-82D1-3543191D951F}.Debug|iPhone.Build.0 = Debug|Any CPU
		{362FAE3F-837F-469C-82D1-3543191D951F}.Debug|iPhoneSimulator.ActiveCfg = Debug|Any CPU
		{362FAE3F-837F-469C-82D1-3543191D951F}.Debug|iPhoneSimulator.Build.0 = Debug|Any CPU
		{362FAE3F-837F-469C-82D1-3543191D951F}.Release|Any CPU.ActiveCfg = Release|Any CPU
		{362FAE3F-837F-469C-82D1-3543191D951F}.Release|Any CPU.Build.0 = Release|Any CPU
		{362FAE3F-837F-469C-82D1-3543191D951F}.Release|iPhone.ActiveCfg = Release|Any CPU
		{362FAE3F-837F-469C-82D1-3543191D951F}.Release|iPhone.Build.0 = Release|Any CPU
		{362FAE3F-837F-469C-82D1-3543191D951F}.Release|iPhoneSimulator.ActiveCfg = Release|Any CPU
		{362FAE3F-837F-469C-82D1-3543191D951F}.Release|iPhoneSimulator.Build.0 = Release|Any CPU
		{F01B0244-CC8C-460F-BE61-E14BD6F93140}.Debug|Any CPU.ActiveCfg = Debug|Any CPU
		{F01B0244-CC8C-460F-BE61-E14BD6F93140}.Debug|Any CPU.Build.0 = Debug|Any CPU
		{F01B0244-CC8C-460F-BE61-E14BD6F93140}.Debug|iPhone.ActiveCfg = Debug|Any CPU
		{F01B0244-CC8C-460F-BE61-E14BD6F93140}.Debug|iPhone.Build.0 = Debug|Any CPU
		{F01B0244-CC8C-460F-BE61-E14BD6F93140}.Debug|iPhoneSimulator.ActiveCfg = Debug|Any CPU
		{F01B0244-CC8C-460F-BE61-E14BD6F93140}.Debug|iPhoneSimulator.Build.0 = Debug|Any CPU
		{F01B0244-CC8C-460F-BE61-E14BD6F93140}.Release|Any CPU.ActiveCfg = Release|Any CPU
		{F01B0244-CC8C-460F-BE61-E14BD6F93140}.Release|Any CPU.Build.0 = Release|Any CPU
		{F01B0244-CC8C-460F-BE61-E14BD6F93140}.Release|iPhone.ActiveCfg = Release|Any CPU
		{F01B0244-CC8C-460F-BE61-E14BD6F93140}.Release|iPhone.Build.0 = Release|Any CPU
		{F01B0244-CC8C-460F-BE61-E14BD6F93140}.Release|iPhoneSimulator.ActiveCfg = Release|Any CPU
		{F01B0244-CC8C-460F-BE61-E14BD6F93140}.Release|iPhoneSimulator.Build.0 = Release|Any CPU
		{4F9B1977-7747-4996-8801-A5B64DDCF2FE}.Debug|Any CPU.ActiveCfg = Debug|Any CPU
		{4F9B1977-7747-4996-8801-A5B64DDCF2FE}.Debug|Any CPU.Build.0 = Debug|Any CPU
		{4F9B1977-7747-4996-8801-A5B64DDCF2FE}.Debug|Any CPU.Deploy.0 = Debug|Any CPU
		{4F9B1977-7747-4996-8801-A5B64DDCF2FE}.Debug|iPhone.ActiveCfg = Debug|Any CPU
		{4F9B1977-7747-4996-8801-A5B64DDCF2FE}.Debug|iPhone.Build.0 = Debug|Any CPU
		{4F9B1977-7747-4996-8801-A5B64DDCF2FE}.Debug|iPhone.Deploy.0 = Debug|Any CPU
		{4F9B1977-7747-4996-8801-A5B64DDCF2FE}.Debug|iPhoneSimulator.ActiveCfg = Debug|Any CPU
		{4F9B1977-7747-4996-8801-A5B64DDCF2FE}.Debug|iPhoneSimulator.Build.0 = Debug|Any CPU
		{4F9B1977-7747-4996-8801-A5B64DDCF2FE}.Debug|iPhoneSimulator.Deploy.0 = Debug|Any CPU
		{4F9B1977-7747-4996-8801-A5B64DDCF2FE}.Release|Any CPU.ActiveCfg = Release|Any CPU
		{4F9B1977-7747-4996-8801-A5B64DDCF2FE}.Release|Any CPU.Build.0 = Release|Any CPU
		{4F9B1977-7747-4996-8801-A5B64DDCF2FE}.Release|Any CPU.Deploy.0 = Release|Any CPU
		{4F9B1977-7747-4996-8801-A5B64DDCF2FE}.Release|iPhone.ActiveCfg = Release|Any CPU
		{4F9B1977-7747-4996-8801-A5B64DDCF2FE}.Release|iPhone.Build.0 = Release|Any CPU
		{4F9B1977-7747-4996-8801-A5B64DDCF2FE}.Release|iPhone.Deploy.0 = Release|Any CPU
		{4F9B1977-7747-4996-8801-A5B64DDCF2FE}.Release|iPhoneSimulator.ActiveCfg = Release|Any CPU
		{4F9B1977-7747-4996-8801-A5B64DDCF2FE}.Release|iPhoneSimulator.Build.0 = Release|Any CPU
		{4F9B1977-7747-4996-8801-A5B64DDCF2FE}.Release|iPhoneSimulator.Deploy.0 = Release|Any CPU
		{4BD31537-45C4-4620-B4E9-4F68AF219127}.Debug|Any CPU.ActiveCfg = Debug|iPhone
		{4BD31537-45C4-4620-B4E9-4F68AF219127}.Debug|iPhone.ActiveCfg = Debug|iPhone
		{4BD31537-45C4-4620-B4E9-4F68AF219127}.Debug|iPhone.Build.0 = Debug|iPhone
		{4BD31537-45C4-4620-B4E9-4F68AF219127}.Debug|iPhoneSimulator.ActiveCfg = Debug|iPhoneSimulator
		{4BD31537-45C4-4620-B4E9-4F68AF219127}.Debug|iPhoneSimulator.Build.0 = Debug|iPhoneSimulator
		{4BD31537-45C4-4620-B4E9-4F68AF219127}.Release|Any CPU.ActiveCfg = Release|iPhone
		{4BD31537-45C4-4620-B4E9-4F68AF219127}.Release|iPhone.ActiveCfg = Release|iPhone
		{4BD31537-45C4-4620-B4E9-4F68AF219127}.Release|iPhone.Build.0 = Release|iPhone
		{4BD31537-45C4-4620-B4E9-4F68AF219127}.Release|iPhoneSimulator.ActiveCfg = Release|iPhoneSimulator
		{4BD31537-45C4-4620-B4E9-4F68AF219127}.Release|iPhoneSimulator.Build.0 = Release|iPhoneSimulator
		{B88F05D1-237B-4760-9093-A72879497061}.Debug|Any CPU.ActiveCfg = Debug|Any CPU
		{B88F05D1-237B-4760-9093-A72879497061}.Debug|Any CPU.Build.0 = Debug|Any CPU
		{B88F05D1-237B-4760-9093-A72879497061}.Debug|iPhone.ActiveCfg = Debug|Any CPU
		{B88F05D1-237B-4760-9093-A72879497061}.Debug|iPhone.Build.0 = Debug|Any CPU
		{B88F05D1-237B-4760-9093-A72879497061}.Debug|iPhoneSimulator.ActiveCfg = Debug|Any CPU
		{B88F05D1-237B-4760-9093-A72879497061}.Debug|iPhoneSimulator.Build.0 = Debug|Any CPU
		{B88F05D1-237B-4760-9093-A72879497061}.Release|Any CPU.ActiveCfg = Release|Any CPU
		{B88F05D1-237B-4760-9093-A72879497061}.Release|Any CPU.Build.0 = Release|Any CPU
		{B88F05D1-237B-4760-9093-A72879497061}.Release|iPhone.ActiveCfg = Release|Any CPU
		{B88F05D1-237B-4760-9093-A72879497061}.Release|iPhone.Build.0 = Release|Any CPU
		{B88F05D1-237B-4760-9093-A72879497061}.Release|iPhoneSimulator.ActiveCfg = Release|Any CPU
		{B88F05D1-237B-4760-9093-A72879497061}.Release|iPhoneSimulator.Build.0 = Release|Any CPU
		{62A93B8E-96A3-4F2F-A467-7750C6A94F66}.Debug|Any CPU.ActiveCfg = Debug|Any CPU
		{62A93B8E-96A3-4F2F-A467-7750C6A94F66}.Debug|Any CPU.Build.0 = Debug|Any CPU
		{62A93B8E-96A3-4F2F-A467-7750C6A94F66}.Debug|iPhone.ActiveCfg = Debug|Any CPU
		{62A93B8E-96A3-4F2F-A467-7750C6A94F66}.Debug|iPhone.Build.0 = Debug|Any CPU
		{62A93B8E-96A3-4F2F-A467-7750C6A94F66}.Debug|iPhoneSimulator.ActiveCfg = Debug|Any CPU
		{62A93B8E-96A3-4F2F-A467-7750C6A94F66}.Debug|iPhoneSimulator.Build.0 = Debug|Any CPU
		{62A93B8E-96A3-4F2F-A467-7750C6A94F66}.Release|Any CPU.ActiveCfg = Release|Any CPU
		{62A93B8E-96A3-4F2F-A467-7750C6A94F66}.Release|Any CPU.Build.0 = Release|Any CPU
		{62A93B8E-96A3-4F2F-A467-7750C6A94F66}.Release|iPhone.ActiveCfg = Release|Any CPU
		{62A93B8E-96A3-4F2F-A467-7750C6A94F66}.Release|iPhone.Build.0 = Release|Any CPU
		{62A93B8E-96A3-4F2F-A467-7750C6A94F66}.Release|iPhoneSimulator.ActiveCfg = Release|Any CPU
		{62A93B8E-96A3-4F2F-A467-7750C6A94F66}.Release|iPhoneSimulator.Build.0 = Release|Any CPU
		{D6D1C2BF-A030-4497-B44B-3A217FE97AA3}.Debug|Any CPU.ActiveCfg = Debug|Any CPU
		{D6D1C2BF-A030-4497-B44B-3A217FE97AA3}.Debug|Any CPU.Build.0 = Debug|Any CPU
		{D6D1C2BF-A030-4497-B44B-3A217FE97AA3}.Debug|iPhone.ActiveCfg = Debug|Any CPU
		{D6D1C2BF-A030-4497-B44B-3A217FE97AA3}.Debug|iPhone.Build.0 = Debug|Any CPU
		{D6D1C2BF-A030-4497-B44B-3A217FE97AA3}.Debug|iPhoneSimulator.ActiveCfg = Debug|Any CPU
		{D6D1C2BF-A030-4497-B44B-3A217FE97AA3}.Debug|iPhoneSimulator.Build.0 = Debug|Any CPU
		{D6D1C2BF-A030-4497-B44B-3A217FE97AA3}.Release|Any CPU.ActiveCfg = Release|Any CPU
		{D6D1C2BF-A030-4497-B44B-3A217FE97AA3}.Release|Any CPU.Build.0 = Release|Any CPU
		{D6D1C2BF-A030-4497-B44B-3A217FE97AA3}.Release|iPhone.ActiveCfg = Release|Any CPU
		{D6D1C2BF-A030-4497-B44B-3A217FE97AA3}.Release|iPhone.Build.0 = Release|Any CPU
		{D6D1C2BF-A030-4497-B44B-3A217FE97AA3}.Release|iPhoneSimulator.ActiveCfg = Release|Any CPU
		{D6D1C2BF-A030-4497-B44B-3A217FE97AA3}.Release|iPhoneSimulator.Build.0 = Release|Any CPU
		{F2991168-84AD-470E-AE8E-FFB5DCFA4B92}.Debug|Any CPU.ActiveCfg = Debug|Any CPU
		{F2991168-84AD-470E-AE8E-FFB5DCFA4B92}.Debug|Any CPU.Build.0 = Debug|Any CPU
		{F2991168-84AD-470E-AE8E-FFB5DCFA4B92}.Debug|iPhone.ActiveCfg = Debug|Any CPU
		{F2991168-84AD-470E-AE8E-FFB5DCFA4B92}.Debug|iPhone.Build.0 = Debug|Any CPU
		{F2991168-84AD-470E-AE8E-FFB5DCFA4B92}.Debug|iPhoneSimulator.ActiveCfg = Debug|Any CPU
		{F2991168-84AD-470E-AE8E-FFB5DCFA4B92}.Debug|iPhoneSimulator.Build.0 = Debug|Any CPU
		{F2991168-84AD-470E-AE8E-FFB5DCFA4B92}.Release|Any CPU.ActiveCfg = Release|Any CPU
		{F2991168-84AD-470E-AE8E-FFB5DCFA4B92}.Release|Any CPU.Build.0 = Release|Any CPU
		{F2991168-84AD-470E-AE8E-FFB5DCFA4B92}.Release|iPhone.ActiveCfg = Release|Any CPU
		{F2991168-84AD-470E-AE8E-FFB5DCFA4B92}.Release|iPhone.Build.0 = Release|Any CPU
		{F2991168-84AD-470E-AE8E-FFB5DCFA4B92}.Release|iPhoneSimulator.ActiveCfg = Release|Any CPU
		{F2991168-84AD-470E-AE8E-FFB5DCFA4B92}.Release|iPhoneSimulator.Build.0 = Release|Any CPU
		{7A2F9034-BA42-4DE5-B051-6631EB0B67CC}.Debug|Any CPU.ActiveCfg = Debug|Any CPU
		{7A2F9034-BA42-4DE5-B051-6631EB0B67CC}.Debug|Any CPU.Build.0 = Debug|Any CPU
		{7A2F9034-BA42-4DE5-B051-6631EB0B67CC}.Debug|iPhone.ActiveCfg = Debug|Any CPU
		{7A2F9034-BA42-4DE5-B051-6631EB0B67CC}.Debug|iPhone.Build.0 = Debug|Any CPU
		{7A2F9034-BA42-4DE5-B051-6631EB0B67CC}.Debug|iPhoneSimulator.ActiveCfg = Debug|Any CPU
		{7A2F9034-BA42-4DE5-B051-6631EB0B67CC}.Debug|iPhoneSimulator.Build.0 = Debug|Any CPU
		{7A2F9034-BA42-4DE5-B051-6631EB0B67CC}.Release|Any CPU.ActiveCfg = Release|Any CPU
		{7A2F9034-BA42-4DE5-B051-6631EB0B67CC}.Release|Any CPU.Build.0 = Release|Any CPU
		{7A2F9034-BA42-4DE5-B051-6631EB0B67CC}.Release|iPhone.ActiveCfg = Release|Any CPU
		{7A2F9034-BA42-4DE5-B051-6631EB0B67CC}.Release|iPhone.Build.0 = Release|Any CPU
		{7A2F9034-BA42-4DE5-B051-6631EB0B67CC}.Release|iPhoneSimulator.ActiveCfg = Release|Any CPU
		{7A2F9034-BA42-4DE5-B051-6631EB0B67CC}.Release|iPhoneSimulator.Build.0 = Release|Any CPU
		{1EBCE83A-A2EF-476C-A9F5-2B09FA86F3C3}.Debug|Any CPU.ActiveCfg = Debug|Any CPU
		{1EBCE83A-A2EF-476C-A9F5-2B09FA86F3C3}.Debug|Any CPU.Build.0 = Debug|Any CPU
		{1EBCE83A-A2EF-476C-A9F5-2B09FA86F3C3}.Debug|iPhone.ActiveCfg = Debug|Any CPU
		{1EBCE83A-A2EF-476C-A9F5-2B09FA86F3C3}.Debug|iPhone.Build.0 = Debug|Any CPU
		{1EBCE83A-A2EF-476C-A9F5-2B09FA86F3C3}.Debug|iPhoneSimulator.ActiveCfg = Debug|Any CPU
		{1EBCE83A-A2EF-476C-A9F5-2B09FA86F3C3}.Debug|iPhoneSimulator.Build.0 = Debug|Any CPU
		{1EBCE83A-A2EF-476C-A9F5-2B09FA86F3C3}.Release|Any CPU.ActiveCfg = Release|Any CPU
		{1EBCE83A-A2EF-476C-A9F5-2B09FA86F3C3}.Release|Any CPU.Build.0 = Release|Any CPU
		{1EBCE83A-A2EF-476C-A9F5-2B09FA86F3C3}.Release|iPhone.ActiveCfg = Release|Any CPU
		{1EBCE83A-A2EF-476C-A9F5-2B09FA86F3C3}.Release|iPhone.Build.0 = Release|Any CPU
		{1EBCE83A-A2EF-476C-A9F5-2B09FA86F3C3}.Release|iPhoneSimulator.ActiveCfg = Release|Any CPU
		{1EBCE83A-A2EF-476C-A9F5-2B09FA86F3C3}.Release|iPhoneSimulator.Build.0 = Release|Any CPU
		{6C70DA47-1DD7-49BF-A1D0-E78C79E3EB61}.Debug|Any CPU.ActiveCfg = Debug|Any CPU
		{6C70DA47-1DD7-49BF-A1D0-E78C79E3EB61}.Debug|Any CPU.Build.0 = Debug|Any CPU
		{6C70DA47-1DD7-49BF-A1D0-E78C79E3EB61}.Debug|iPhone.ActiveCfg = Debug|Any CPU
		{6C70DA47-1DD7-49BF-A1D0-E78C79E3EB61}.Debug|iPhone.Build.0 = Debug|Any CPU
		{6C70DA47-1DD7-49BF-A1D0-E78C79E3EB61}.Debug|iPhoneSimulator.ActiveCfg = Debug|Any CPU
		{6C70DA47-1DD7-49BF-A1D0-E78C79E3EB61}.Debug|iPhoneSimulator.Build.0 = Debug|Any CPU
		{6C70DA47-1DD7-49BF-A1D0-E78C79E3EB61}.Release|Any CPU.ActiveCfg = Release|Any CPU
		{6C70DA47-1DD7-49BF-A1D0-E78C79E3EB61}.Release|Any CPU.Build.0 = Release|Any CPU
		{6C70DA47-1DD7-49BF-A1D0-E78C79E3EB61}.Release|iPhone.ActiveCfg = Release|Any CPU
		{6C70DA47-1DD7-49BF-A1D0-E78C79E3EB61}.Release|iPhone.Build.0 = Release|Any CPU
		{6C70DA47-1DD7-49BF-A1D0-E78C79E3EB61}.Release|iPhoneSimulator.ActiveCfg = Release|Any CPU
		{6C70DA47-1DD7-49BF-A1D0-E78C79E3EB61}.Release|iPhoneSimulator.Build.0 = Release|Any CPU
	EndGlobalSection
	GlobalSection(SolutionProperties) = preSolution
		HideSolutionNode = FALSE
	EndGlobalSection
	GlobalSection(ExtensibilityGlobals) = postSolution
		SolutionGuid = {DA1F0394-E3CA-4A97-A532-3E125507AE19}
	EndGlobalSection
EndGlobal
